
Microsoft Visual Studio Solution File, Format Version 12.00
Project("{FAE04EC0-301F-11D3-BF4B-00C04F79EFBC}") = "HWCuzImBored", "HWCuzImBored\HWCuzImBored.csproj", "{CAB81982-1959-4A50-8BA0-BD9E2015D150}"
EndProject
Project("{FAE04EC0-301F-11D3-BF4B-00C04F79EFBC}") = "HwUnitTests", "HwUnitTests\HwUnitTests.csproj", "{2C5C7D28-30BE-4CC4-A88C-BECF10911169}"
EndProject
Global
	GlobalSection(SolutionConfigurationPlatforms) = preSolution
		Debug|Any CPU = Debug|Any CPU
		Release|Any CPU = Release|Any CPU
	EndGlobalSection
	GlobalSection(ProjectConfigurationPlatforms) = postSolution
		{CAB81982-1959-4A50-8BA0-BD9E2015D150}.Debug|Any CPU.ActiveCfg = Debug|Any CPU
		{CAB81982-1959-4A50-8BA0-BD9E2015D150}.Debug|Any CPU.Build.0 = Debug|Any CPU
		{CAB81982-1959-4A50-8BA0-BD9E2015D150}.Release|Any CPU.ActiveCfg = Release|Any CPU
		{CAB81982-1959-4A50-8BA0-BD9E2015D150}.Release|Any CPU.Build.0 = Release|Any CPU
		{2C5C7D28-30BE-4CC4-A88C-BECF10911169}.Debug|Any CPU.ActiveCfg = Debug|Any CPU
		{2C5C7D28-30BE-4CC4-A88C-BECF10911169}.Debug|Any CPU.Build.0 = Debug|Any CPU
		{2C5C7D28-30BE-4CC4-A88C-BECF10911169}.Release|Any CPU.ActiveCfg = Release|Any CPU
		{2C5C7D28-30BE-4CC4-A88C-BECF10911169}.Release|Any CPU.Build.0 = Release|Any CPU
	EndGlobalSection
EndGlobal
